<?xml version="1.0" encoding="utf-8"?>
<Project ToolsVersion="4.0" xmlns="http://schemas.microsoft.com/developer/msbuild/2003">
  <ItemGroup>
    <Filter Include="Source Files">
      <UniqueIdentifier>{4FC737F1-C7A5-4376-A066-2A32D752A2FF}</UniqueIdentifier>
      <Extensions>cpp;c;cc;cxx;c++;cppm;ixx;def;odl;idl;hpj;bat;asm;asmx</Extensions>
    </Filter>
    <Filter Include="Header Files">
      <UniqueIdentifier>{93995380-89BD-4b04-88EB-625FBE52EBFB}</UniqueIdentifier>
      <Extensions>h;hh;hpp;hxx;h++;hm;inl;inc;ipp;xsd</Extensions>
    </Filter>
    <Filter Include="Resource Files">
      <UniqueIdentifier>{67DA6AB6-F800-4c08-8B7A-83BB121AAD01}</UniqueIdentifier>
      <Extensions>rc;ico;cur;bmp;dlg;rc2;rct;bin;rgs;gif;jpg;jpeg;jpe;resx;tiff;tif;png;wav;mfcribbon-ms</Extensions>
    </Filter>
    <Filter Include="Source Files\model">
      <UniqueIdentifier>{8a27c9e4-370f-4de2-b71e-8b09d6ae9350}</UniqueIdentifier>
    </Filter>
    <Filter Include="Source Files\view">
      <UniqueIdentifier>{7874ecdf-dd63-41f3-8d54-d2eaf49a4c52}</UniqueIdentifier>
    </Filter>
    <Filter Include="Source Files\controller">
      <UniqueIdentifier>{c7575c9a-fe0f-4343-9afa-383f2f9eed43}</UniqueIdentifier>
    </Filter>
    <Filter Include="Source Files\shaders">
      <UniqueIdentifier>{41edd579-744e-4e36-8380-85d5e5b5d29b}</UniqueIdentifier>
    </Filter>
    <Filter Include="Source Files\utils">
      <UniqueIdentifier>{a61fe15f-eb5a-4cbc-9686-5135fa65c06c}</UniqueIdentifier>
    </Filter>
  </ItemGroup>
  <ItemGroup>
    <ClCompile Include="main.cpp">
      <Filter>Source Files</Filter>
    </ClCompile>
    <ClCompile Include="stb.cpp">
      <Filter>Source Files</Filter>
    </ClCompile>
    <ClCompile Include="glad.c">
      <Filter>Source Files</Filter>
    </ClCompile>
    <ClCompile Include="material.cpp">
      <Filter>Source Files\view</Filter>
    </ClCompile>
    <ClCompile Include="app.cpp">
      <Filter>Source Files\controller</Filter>
    </ClCompile>
    <ClCompile Include="cube.cpp">
      <Filter>Source Files\model</Filter>
    </ClCompile>
    <ClCompile Include="cube_mesh.cpp">
      <Filter>Source Files\view</Filter>
    </ClCompile>
    <ClCompile Include="ground.cpp">
      <Filter>Source Files\model</Filter>
    </ClCompile>
    <ClCompile Include="ground_mesh.cpp">
      <Filter>Source Files\view</Filter>
    </ClCompile>
    <ClCompile Include="array_2D.h">
      <Filter>Source Files\utils</Filter>
    </ClCompile>
    <ClCompile Include="terrain.cpp">
      <Filter>Source Files\model</Filter>
    </ClCompile>
    <ClCompile Include="read_files.cpp">
      <Filter>Source Files\utils</Filter>
    </ClCompile>
    <ClCompile Include="triangle_list.cpp">
      <Filter>Source Files\view</Filter>
    </ClCompile>
    <ClCompile Include="fault_formation_terrain.cpp">
      <Filter>Source Files\model</Filter>
    </ClCompile>
  </ItemGroup>
  <ItemGroup>
    <Text Include="Notes.md" />
  </ItemGroup>
  <ItemGroup>
    <ClInclude Include="camera.h">
      <Filter>Source Files\model</Filter>
    </ClInclude>
    <ClInclude Include="material.h">
      <Filter>Source Files\view</Filter>
    </ClInclude>
    <ClInclude Include="shader.h">
      <Filter>Source Files\view</Filter>
    </ClInclude>
    <ClInclude Include="stb_image.h">
      <Filter>Source Files</Filter>
    </ClInclude>
    <ClInclude Include="app.h">
      <Filter>Source Files\controller</Filter>
    </ClInclude>
    <ClInclude Include="cube.h">
      <Filter>Source Files\model</Filter>
    </ClInclude>
    <ClInclude Include="cube_mesh.h">
      <Filter>Source Files\view</Filter>
    </ClInclude>
    <ClInclude Include="ground.h">
      <Filter>Source Files\model</Filter>
    </ClInclude>
    <ClInclude Include="ground_mesh.h">
      <Filter>Source Files\view</Filter>
    </ClInclude>
    <ClInclude Include="config.h">
      <Filter>Source Files</Filter>
    </ClInclude>
    <ClInclude Include="terrain.h">
      <Filter>Source Files\model</Filter>
    </ClInclude>
    <ClInclude Include="read_files.h">
      <Filter>Source Files\utils</Filter>
    </ClInclude>
    <ClInclude Include="triangle_list.h">
      <Filter>Source Files\view</Filter>
    </ClInclude>
    <ClInclude Include="fault_formation_terrain.h">
      <Filter>Source Files\model</Filter>
    </ClInclude>
  </ItemGroup>
  <ItemGroup>
    <None Include="shader.fs">
      <Filter>Source Files\shaders</Filter>
    </None>
    <None Include="shader.vs">
      <Filter>Source Files\shaders</Filter>
    </None>
    <None Include="heightmap.save">
      <Filter>Resource Files</Filter>
    </None>
    <None Include="terrain.vs">
      <Filter>Source Files\shaders</Filter>
    </None>
    <None Include="terrain.fs">
      <Filter>Source Files\shaders</Filter>
    </None>
  </ItemGroup>
  <ItemGroup>
    <Image Include="..\..\..\..\Desktop\awesomeface.png">
      <Filter>Resource Files</Filter>
    </Image>
    <Image Include="..\..\..\..\Desktop\container.jpg">
      <Filter>Resource Files</Filter>
    </Image>
    <Image Include="source.gif">
      <Filter>Resource Files</Filter>
    </Image>
    <Image Include="water.gif">
      <Filter>Resource Files</Filter>
    </Image>
    <Image Include="grass.jpg">
      <Filter>Resource Files</Filter>
    </Image>
  </ItemGroup>
</Project>